
Microsoft Visual Studio Solution File, Format Version 12.00
# Visual Studio Version 17
VisualStudioVersion = 17.7.34221.43
MinimumVisualStudioVersion = 10.0.40219.1
Project("{FAE04EC0-301F-11D3-BF4B-00C04F79EFBC}") = "UDP_Socket_stone_scissors_paper", "UDP_Socket_stone_scissors_paper\UDP_Socket_stone_scissors_paper.csproj", "{10D9833E-3D0D-4B5C-AB60-4411A5C33D62}"
EndProject
Global
	GlobalSection(SolutionConfigurationPlatforms) = preSolution
		Debug|Any CPU = Debug|Any CPU
		Release|Any CPU = Release|Any CPU
	EndGlobalSection
	GlobalSection(ProjectConfigurationPlatforms) = postSolution
		{10D9833E-3D0D-4B5C-AB60-4411A5C33D62}.Debug|Any CPU.ActiveCfg = Debug|Any CPU
		{10D9833E-3D0D-4B5C-AB60-4411A5C33D62}.Debug|Any CPU.Build.0 = Debug|Any CPU
		{10D9833E-3D0D-4B5C-AB60-4411A5C33D62}.Release|Any CPU.ActiveCfg = Release|Any CPU
		{10D9833E-3D0D-4B5C-AB60-4411A5C33D62}.Release|Any CPU.Build.0 = Release|Any CPU
	EndGlobalSection
	GlobalSection(SolutionProperties) = preSolution
		HideSolutionNode = FALSE
	EndGlobalSection
	GlobalSection(ExtensibilityGlobals) = postSolution
		SolutionGuid = {2D5ADA05-08A1-41BF-B4E8-386113BE9903}
	EndGlobalSection
EndGlobal
